
Microsoft Visual Studio Solution File, Format Version 12.00
# Visual Studio Version 16
VisualStudioVersion = 16.0.31129.286
MinimumVisualStudioVersion = 10.0.40219.1
Project("{9A19103F-16F7-4668-BE54-9A1E7A4F7556}") = "NumberFacts", "NumberFacts\NumberFacts.csproj", "{C2B61208-3458-4AFC-B681-197957B231A4}"
	ProjectSection(ProjectDependencies) = postProject
		{0EA0F2DF-C2EB-45F5-9E3F-D262A778ECF4} = {0EA0F2DF-C2EB-45F5-9E3F-D262A778ECF4}
	EndProjectSection
EndProject
Project("{9A19103F-16F7-4668-BE54-9A1E7A4F7556}") = "Models", "Models\Models.csproj", "{0EA0F2DF-C2EB-45F5-9E3F-D262A778ECF4}"
EndProject
Global
	GlobalSection(SolutionConfigurationPlatforms) = preSolution
		Debug|Any CPU = Debug|Any CPU
		Release|Any CPU = Release|Any CPU
	EndGlobalSection
	GlobalSection(ProjectConfigurationPlatforms) = postSolution
		{C2B61208-3458-4AFC-B681-197957B231A4}.Debug|Any CPU.ActiveCfg = Debug|Any CPU
		{C2B61208-3458-4AFC-B681-197957B231A4}.Debug|Any CPU.Build.0 = Debug|Any CPU
		{C2B61208-3458-4AFC-B681-197957B231A4}.Release|Any CPU.ActiveCfg = Release|Any CPU
		{C2B61208-3458-4AFC-B681-197957B231A4}.Release|Any CPU.Build.0 = Release|Any CPU
		{0EA0F2DF-C2EB-45F5-9E3F-D262A778ECF4}.Debug|Any CPU.ActiveCfg = Debug|Any CPU
		{0EA0F2DF-C2EB-45F5-9E3F-D262A778ECF4}.Debug|Any CPU.Build.0 = Debug|Any CPU
		{0EA0F2DF-C2EB-45F5-9E3F-D262A778ECF4}.Release|Any CPU.ActiveCfg = Release|Any CPU
		{0EA0F2DF-C2EB-45F5-9E3F-D262A778ECF4}.Release|Any CPU.Build.0 = Release|Any CPU
	EndGlobalSection
	GlobalSection(SolutionProperties) = preSolution
		HideSolutionNode = FALSE
	EndGlobalSection
	GlobalSection(ExtensibilityGlobals) = postSolution
		SolutionGuid = {4BB19B41-CD55-421F-938B-6EF456071B49}
	EndGlobalSection
EndGlobal
